// !$*UTF8*$!
{
	archiveVersion = 1;
	classes = {
	};
	objectVersion = 48;
	objects = {

/* Begin PBXBuildFile section */
		89DC1CE1203D1B3F009DE0D0 /* AppDelegate.m in Sources */ = {isa = PBXBuildFile; fileRef = 89DC1CE0203D1B3F009DE0D0 /* AppDelegate.m */; };
		89DC1CE4203D1B3F009DE0D0 /* ViewController.m in Sources */ = {isa = PBXBuildFile; fileRef = 89DC1CE3203D1B3F009DE0D0 /* ViewController.m */; };
		89DC1CE7203D1B3F009DE0D0 /* Main.storyboard in Resources */ = {isa = PBXBuildFile; fileRef = 89DC1CE5203D1B3F009DE0D0 /* Main.storyboard */; };
		89DC1CE9203D1B3F009DE0D0 /* Assets.xcassets in Resources */ = {isa = PBXBuildFile; fileRef = 89DC1CE8203D1B3F009DE0D0 /* Assets.xcassets */; };
		89DC1CEC203D1B3F009DE0D0 /* LaunchScreen.storyboard in Resources */ = {isa = PBXBuildFile; fileRef = 89DC1CEA203D1B3F009DE0D0 /* LaunchScreen.storyboard */; };
		89DC1CEF203D1B3F009DE0D0 /* main.m in Sources */ = {isa = PBXBuildFile; fileRef = 89DC1CEE203D1B3F009DE0D0 /* main.m */; };
		89DC1CF9203D1B3F009DE0D0 /* AutoLayout___StoryBoardTests.m in Sources */ = {isa = PBXBuildFile; fileRef = 89DC1CF8203D1B3F009DE0D0 /* AutoLayout___StoryBoardTests.m */; };
		89DC1D04203D1B3F009DE0D0 /* AutoLayout___StoryBoardUITests.m in Sources */ = {isa = PBXBuildFile; fileRef = 89DC1D03203D1B3F009DE0D0 /* AutoLayout___StoryBoardUITests.m */; };
/* End PBXBuildFile section */

/* Begin PBXContainerItemProxy section */
		89DC1CF5203D1B3F009DE0D0 /* PBXContainerItemProxy */ = {
			isa = PBXContainerItemProxy;
			containerPortal = 89DC1CD4203D1B3F009DE0D0 /* Project object */;
			proxyType = 1;
			remoteGlobalIDString = 89DC1CDB203D1B3F009DE0D0;
			remoteInfo = "AutoLayout - StoryBoard";
		};
		89DC1D00203D1B3F009DE0D0 /* PBXContainerItemProxy */ = {
			isa = PBXContainerItemProxy;
			containerPortal = 89DC1CD4203D1B3F009DE0D0 /* Project object */;
			proxyType = 1;
			remoteGlobalIDString = 89DC1CDB203D1B3F009DE0D0;
			remoteInfo = "AutoLayout - StoryBoard";
		};
/* End PBXContainerItemProxy section */

/* Begin PBXFileReference section */
		89DC1CDC203D1B3F009DE0D0 /* AutoLayout - StoryBoard.app */ = {isa = PBXFileReference; explicitFileType = wrapper.application; includeInIndex = 0; path = "AutoLayout - StoryBoard.app"; sourceTree = BUILT_PRODUCTS_DIR; };
		89DC1CDF203D1B3F009DE0D0 /* AppDelegate.h */ = {isa = PBXFileReference; lastKnownFileType = sourcecode.c.h; path = AppDelegate.h; sourceTree = "<group>"; };
		89DC1CE0203D1B3F009DE0D0 /* AppDelegate.m */ = {isa = PBXFileReference; lastKnownFileType = sourcecode.c.objc; path = AppDelegate.m; sourceTree = "<group>"; };
		89DC1CE2203D1B3F009DE0D0 /* ViewController.h */ = {isa = PBXFileReference; lastKnownFileType = sourcecode.c.h; path = ViewController.h; sourceTree = "<group>"; };
		89DC1CE3203D1B3F009DE0D0 /* ViewController.m */ = {isa = PBXFileReference; lastKnownFileType = sourcecode.c.objc; path = ViewController.m; sourceTree = "<group>"; };
		89DC1CE6203D1B3F009DE0D0 /* Base */ = {isa = PBXFileReference; lastKnownFileType = file.storyboard; name = Base; path = Base.lproj/Main.storyboard; sourceTree = "<group>"; };
		89DC1CE8203D1B3F009DE0D0 /* Assets.xcassets */ = {isa = PBXFileReference; lastKnownFileType = folder.assetcatalog; path = Assets.xcassets; sourceTree = "<group>"; };
		89DC1CEB203D1B3F009DE0D0 /* Base */ = {isa = PBXFileReference; lastKnownFileType = file.storyboard; name = Base; path = Base.lproj/LaunchScreen.storyboard; sourceTree = "<group>"; };
		89DC1CED203D1B3F009DE0D0 /* Info.plist */ = {isa = PBXFileReference; lastKnownFileType = text.plist.xml; path = Info.plist; sourceTree = "<group>"; };
		89DC1CEE203D1B3F009DE0D0 /* main.m */ = {isa = PBXFileReference; lastKnownFileType = sourcecode.c.objc; path = main.m; sourceTree = "<group>"; };
		89DC1CF4203D1B3F009DE0D0 /* AutoLayout - StoryBoardTests.xctest */ = {isa = PBXFileReference; explicitFileType = wrapper.cfbundle; includeInIndex = 0; path = "AutoLayout - StoryBoardTests.xctest"; sourceTree = BUILT_PRODUCTS_DIR; };
		89DC1CF8203D1B3F009DE0D0 /* AutoLayout___StoryBoardTests.m */ = {isa = PBXFileReference; lastKnownFileType = sourcecode.c.objc; path = "AutoLayout___StoryBoardTests.m"; sourceTree = "<group>"; };
		89DC1CFA203D1B3F009DE0D0 /* Info.plist */ = {isa = PBXFileReference; lastKnownFileType = text.plist.xml; path = Info.plist; sourceTree = "<group>"; };
		89DC1CFF203D1B3F009DE0D0 /* AutoLayout - StoryBoardUITests.xctest */ = {isa = PBXFileReference; explicitFileType = wrapper.cfbundle; includeInIndex = 0; path = "AutoLayout - StoryBoardUITests.xctest"; sourceTree = BUILT_PRODUCTS_DIR; };
		89DC1D03203D1B3F009DE0D0 /* AutoLayout___StoryBoardUITests.m */ = {isa = PBXFileReference; lastKnownFileType = sourcecode.c.objc; path = "AutoLayout___StoryBoardUITests.m"; sourceTree = "<group>"; };
		89DC1D05203D1B40009DE0D0 /* Info.plist */ = {isa = PBXFileReference; lastKnownFileType = text.plist.xml; path = Info.plist; sourceTree = "<group>"; };
/* End PBXFileReference section */

/* Begin PBXFrameworksBuildPhase section */
		89DC1CD9203D1B3F009DE0D0 /* Frameworks */ = {
			isa = PBXFrameworksBuildPhase;
			buildActionMask = 2147483647;
			files = (
			);
			runOnlyForDeploymentPostprocessing = 0;
		};
		89DC1CF1203D1B3F009DE0D0 /* Frameworks */ = {
			isa = PBXFrameworksBuildPhase;
			buildActionMask = 2147483647;
			files = (
			);
			runOnlyForDeploymentPostprocessing = 0;
		};
		89DC1CFC203D1B3F009DE0D0 /* Frameworks */ = {
			isa = PBXFrameworksBuildPhase;
			buildActionMask = 2147483647;
			files = (
			);
			runOnlyForDeploymentPostprocessing = 0;
		};
/* End PBXFrameworksBuildPhase section */

/* Begin PBXGroup section */
		89DC1CD3203D1B3F009DE0D0 = {
			isa = PBXGroup;
			children = (
				89DC1CDE203D1B3F009DE0D0 /* AutoLayout - StoryBoard */,
				89DC1CF7203D1B3F009DE0D0 /* AutoLayout - StoryBoardTests */,
				89DC1D02203D1B3F009DE0D0 /* AutoLayout - StoryBoardUITests */,
				89DC1CDD203D1B3F009DE0D0 /* Products */,
			);
			sourceTree = "<group>";
		};
		89DC1CDD203D1B3F009DE0D0 /* Products */ = {
			isa = PBXGroup;
			children = (
				89DC1CDC203D1B3F009DE0D0 /* AutoLayout - StoryBoard.app */,
				89DC1CF4203D1B3F009DE0D0 /* AutoLayout - StoryBoardTests.xctest */,
				89DC1CFF203D1B3F009DE0D0 /* AutoLayout - StoryBoardUITests.xctest */,
			);
			name = Products;
			sourceTree = "<group>";
		};
		89DC1CDE203D1B3F009DE0D0 /* AutoLayout - StoryBoard */ = {
			isa = PBXGroup;
			children = (
				89DC1CDF203D1B3F009DE0D0 /* AppDelegate.h */,
				89DC1CE0203D1B3F009DE0D0 /* AppDelegate.m */,
				89DC1CE2203D1B3F009DE0D0 /* ViewController.h */,
				89DC1CE3203D1B3F009DE0D0 /* ViewController.m */,
				89DC1CE5203D1B3F009DE0D0 /* Main.storyboard */,
				89DC1CE8203D1B3F009DE0D0 /* Assets.xcassets */,
				89DC1CEA203D1B3F009DE0D0 /* LaunchScreen.storyboard */,
				89DC1CED203D1B3F009DE0D0 /* Info.plist */,
				89DC1CEE203D1B3F009DE0D0 /* main.m */,
			);
			path = "AutoLayout - StoryBoard";
			sourceTree = "<group>";
		};
		89DC1CF7203D1B3F009DE0D0 /* AutoLayout - StoryBoardTests */ = {
			isa = PBXGroup;
			children = (
				89DC1CF8203D1B3F009DE0D0 /* AutoLayout___StoryBoardTests.m */,
				89DC1CFA203D1B3F009DE0D0 /* Info.plist */,
			);
			path = "AutoLayout - StoryBoardTests";
			sourceTree = "<group>";
		};
		89DC1D02203D1B3F009DE0D0 /* AutoLayout - StoryBoardUITests */ = {
			isa = PBXGroup;
			children = (
				89DC1D03203D1B3F009DE0D0 /* AutoLayout___StoryBoardUITests.m */,
				89DC1D05203D1B40009DE0D0 /* Info.plist */,
			);
			path = "AutoLayout - StoryBoardUITests";
			sourceTree = "<group>";
		};
/* End PBXGroup section */

/* Begin PBXNativeTarget section */
		89DC1CDB203D1B3F009DE0D0 /* AutoLayout - StoryBoard */ = {
			isa = PBXNativeTarget;
			buildConfigurationList = 89DC1D08203D1B40009DE0D0 /* Build configuration list for PBXNativeTarget "AutoLayout - StoryBoard" */;
			buildPhases = (
				89DC1CD8203D1B3F009DE0D0 /* Sources */,
				89DC1CD9203D1B3F009DE0D0 /* Frameworks */,
				89DC1CDA203D1B3F009DE0D0 /* Resources */,
			);
			buildRules = (
			);
			dependencies = (
			);
			name = "AutoLayout - StoryBoard";
			productName = "AutoLayout - StoryBoard";
			productReference = 89DC1CDC203D1B3F009DE0D0 /* AutoLayout - StoryBoard.app */;
			productType = "com.apple.product-type.application";
		};
		89DC1CF3203D1B3F009DE0D0 /* AutoLayout - StoryBoardTests */ = {
			isa = PBXNativeTarget;
			buildConfigurationList = 89DC1D0B203D1B40009DE0D0 /* Build configuration list for PBXNativeTarget "AutoLayout - StoryBoardTests" */;
			buildPhases = (
				89DC1CF0203D1B3F009DE0D0 /* Sources */,
				89DC1CF1203D1B3F009DE0D0 /* Frameworks */,
				89DC1CF2203D1B3F009DE0D0 /* Resources */,
			);
			buildRules = (
			);
			dependencies = (
				89DC1CF6203D1B3F009DE0D0 /* PBXTargetDependency */,
			);
			name = "AutoLayout - StoryBoardTests";
			productName = "AutoLayout - StoryBoardTests";
			productReference = 89DC1CF4203D1B3F009DE0D0 /* AutoLayout - StoryBoardTests.xctest */;
			productType = "com.apple.product-type.bundle.unit-test";
		};
		89DC1CFE203D1B3F009DE0D0 /* AutoLayout - StoryBoardUITests */ = {
			isa = PBXNativeTarget;
			buildConfigurationList = 89DC1D0E203D1B40009DE0D0 /* Build configuration list for PBXNativeTarget "AutoLayout - StoryBoardUITests" */;
			buildPhases = (
				89DC1CFB203D1B3F009DE0D0 /* Sources */,
				89DC1CFC203D1B3F009DE0D0 /* Frameworks */,
				89DC1CFD203D1B3F009DE0D0 /* Resources */,
			);
			buildRules = (
			);
			dependencies = (
				89DC1D01203D1B3F009DE0D0 /* PBXTargetDependency */,
			);
			name = "AutoLayout - StoryBoardUITests";
			productName = "AutoLayout - StoryBoardUITests";
			productReference = 89DC1CFF203D1B3F009DE0D0 /* AutoLayout - StoryBoardUITests.xctest */;
			productType = "com.apple.product-type.bundle.ui-testing";
		};
/* End PBXNativeTarget section */

/* Begin PBXProject section */
		89DC1CD4203D1B3F009DE0D0 /* Project object */ = {
			isa = PBXProject;
			attributes = {
				LastUpgradeCheck = 0900;
				ORGANIZATIONNAME = "Chris Dean";
				TargetAttributes = {
					89DC1CDB203D1B3F009DE0D0 = {
						CreatedOnToolsVersion = 9.0;
						ProvisioningStyle = Automatic;
					};
					89DC1CF3203D1B3F009DE0D0 = {
						CreatedOnToolsVersion = 9.0;
						ProvisioningStyle = Automatic;
						TestTargetID = 89DC1CDB203D1B3F009DE0D0;
					};
					89DC1CFE203D1B3F009DE0D0 = {
						CreatedOnToolsVersion = 9.0;
						ProvisioningStyle = Automatic;
						TestTargetID = 89DC1CDB203D1B3F009DE0D0;
					};
				};
			};
			buildConfigurationList = 89DC1CD7203D1B3F009DE0D0 /* Build configuration list for PBXProject "AutoLayout - StoryBoard" */;
			compatibilityVersion = "Xcode 8.0";
			developmentRegion = en;
			hasScannedForEncodings = 0;
			knownRegions = (
				en,
				Base,
			);
			mainGroup = 89DC1CD3203D1B3F009DE0D0;
			productRefGroup = 89DC1CDD203D1B3F009DE0D0 /* Products */;
			projectDirPath = "";
			projectRoot = "";
			targets = (
				89DC1CDB203D1B3F009DE0D0 /* AutoLayout - StoryBoard */,
				89DC1CF3203D1B3F009DE0D0 /* AutoLayout - StoryBoardTests */,
				89DC1CFE203D1B3F009DE0D0 /* AutoLayout - StoryBoardUITests */,
			);
		};
/* End PBXProject section */

/* Begin PBXResourcesBuildPhase section */
		89DC1CDA203D1B3F009DE0D0 /* Resources */ = {
			isa = PBXResourcesBuildPhase;
			buildActionMask = 2147483647;
			files = (
				89DC1CEC203D1B3F009DE0D0 /* LaunchScreen.storyboard in Resources */,
				89DC1CE9203D1B3F009DE0D0 /* Assets.xcassets in Resources */,
				89DC1CE7203D1B3F009DE0D0 /* Main.storyboard in Resources */,
			);
			runOnlyForDeploymentPostprocessing = 0;
		};
		89DC1CF2203D1B3F009DE0D0 /* Resources */ = {
			isa = PBXResourcesBuildPhase;
			buildActionMask = 2147483647;
			files = (
			);
			runOnlyForDeploymentPostprocessing = 0;
		};
		89DC1CFD203D1B3F009DE0D0 /* Resources */ = {
			isa = PBXResourcesBuildPhase;
			buildActionMask = 2147483647;
			files = (
			);
			runOnlyForDeploymentPostprocessing = 0;
		};
/* End PBXResourcesBuildPhase section */

/* Begin PBXSourcesBuildPhase section */
		89DC1CD8203D1B3F009DE0D0 /* Sources */ = {
			isa = PBXSourcesBuildPhase;
			buildActionMask = 2147483647;
			files = (
				89DC1CE4203D1B3F009DE0D0 /* ViewController.m in Sources */,
				89DC1CEF203D1B3F009DE0D0 /* main.m in Sources */,
				89DC1CE1203D1B3F009DE0D0 /* AppDelegate.m in Sources */,
			);
			runOnlyForDeploymentPostprocessing = 0;
		};
		89DC1CF0203D1B3F009DE0D0 /* Sources */ = {
			isa = PBXSourcesBuildPhase;
			buildActionMask = 2147483647;
			files = (
				89DC1CF9203D1B3F009DE0D0 /* AutoLayout___StoryBoardTests.m in Sources */,
			);
			runOnlyForDeploymentPostprocessing = 0;
		};
		89DC1CFB203D1B3F009DE0D0 /* Sources */ = {
			isa = PBXSourcesBuildPhase;
			buildActionMask = 2147483647;
			files = (
				89DC1D04203D1B3F009DE0D0 /* AutoLayout___StoryBoardUITests.m in Sources */,
			);
			runOnlyForDeploymentPostprocessing = 0;
		};
/* End PBXSourcesBuildPhase section */

/* Begin PBXTargetDependency section */
		89DC1CF6203D1B3F009DE0D0 /* PBXTargetDependency */ = {
			isa = PBXTargetDependency;
			target = 89DC1CDB203D1B3F009DE0D0 /* AutoLayout - StoryBoard */;
			targetProxy = 89DC1CF5203D1B3F009DE0D0 /* PBXContainerItemProxy */;
		};
		89DC1D01203D1B3F009DE0D0 /* PBXTargetDependency */ = {
			isa = PBXTargetDependency;
			target = 89DC1CDB203D1B3F009DE0D0 /* AutoLayout - StoryBoard */;
			targetProxy = 89DC1D00203D1B3F009DE0D0 /* PBXContainerItemProxy */;
		};
/* End PBXTargetDependency section */

/* Begin PBXVariantGroup section */
		89DC1CE5203D1B3F009DE0D0 /* Main.storyboard */ = {
			isa = PBXVariantGroup;
			children = (
				89DC1CE6203D1B3F009DE0D0 /* Base */,
			);
			name = Main.storyboard;
			sourceTree = "<group>";
		};
		89DC1CEA203D1B3F009DE0D0 /* LaunchScreen.storyboard */ = {
			isa = PBXVariantGroup;
			children = (
				89DC1CEB203D1B3F009DE0D0 /* Base */,
			);
			name = LaunchScreen.storyboard;
			sourceTree = "<group>";
		};
/* End PBXVariantGroup section */

/* Begin XCBuildConfiguration section */
		89DC1D06203D1B40009DE0D0 /* Debug */ = {
			isa = XCBuildConfiguration;
			buildSettings = {
				ALWAYS_SEARCH_USER_PATHS = NO;
				CLANG_ANALYZER_NONNULL = YES;
				CLANG_ANALYZER_NUMBER_OBJECT_CONVERSION = YES_AGGRESSIVE;
				CLANG_CXX_LANGUAGE_STANDARD = "gnu++14";
				CLANG_CXX_LIBRARY = "libc++";
				CLANG_ENABLE_MODULES = YES;
				CLANG_ENABLE_OBJC_ARC = YES;
				CLANG_WARN_BLOCK_CAPTURE_AUTORELEASING = YES;
				CLANG_WARN_BOOL_CONVERSION = YES;
				CLANG_WARN_COMMA = YES;
				CLANG_WARN_CONSTANT_CONVERSION = YES;
				CLANG_WARN_DIRECT_OBJC_ISA_USAGE = YES_ERROR;
				CLANG_WARN_DOCUMENTATION_COMMENTS = YES;
				CLANG_WARN_EMPTY_BODY = YES;
				CLANG_WARN_ENUM_CONVERSION = YES;
				CLANG_WARN_INFINITE_RECURSION = YES;
				CLANG_WARN_INT_CONVERSION = YES;
				CLANG_WARN_NON_LITERAL_NULL_CONVERSION = YES;
				CLANG_WARN_OBJC_LITERAL_CONVERSION = YES;
				CLANG_WARN_OBJC_ROOT_CLASS = YES_ERROR;
				CLANG_WARN_RANGE_LOOP_ANALYSIS = YES;
				CLANG_WARN_STRICT_PROTOTYPES = YES;
				CLANG_WARN_SUSPICIOUS_MOVE = YES;
				CLANG_WARN_UNGUARDED_AVAILABILITY = YES_AGGRESSIVE;
				CLANG_WARN_UNREACHABLE_CODE = YES;
				CLANG_WARN__DUPLICATE_METHOD_MATCH = YES;
				CODE_SIGN_IDENTITY = "iPhone Developer";
				COPY_PHASE_STRIP = NO;
				DEBUG_INFORMATION_FORMAT = dwarf;
				ENABLE_STRICT_OBJC_MSGSEND = YES;
				ENABLE_TESTABILITY = YES;
				GCC_C_LANGUAGE_STANDARD = gnu11;
				GCC_DYNAMIC_NO_PIC = NO;
				GCC_NO_COMMON_BLOCKS = YES;
				GCC_OPTIMIZATION_LEVEL = 0;
				GCC_PREPROCESSOR_DEFINITIONS = (
					"DEBUG=1",
					"$(inherited)",
				);
				GCC_WARN_64_TO_32_BIT_CONVERSION = YES;
				GCC_WARN_ABOUT_RETURN_TYPE = YES_ERROR;
				GCC_WARN_UNDECLARED_SELECTOR = YES;
				GCC_WARN_UNINITIALIZED_AUTOS = YES_AGGRESSIVE;
				GCC_WARN_UNUSED_FUNCTION = YES;
				GCC_WARN_UNUSED_VARIABLE = YES;
				IPHONEOS_DEPLOYMENT_TARGET = 11.0;
				MTL_ENABLE_DEBUG_INFO = YES;
				ONLY_ACTIVE_ARCH = YES;
				SDKROOT = iphoneos;
			};
			name = Debug;
		};
		89DC1D07203D1B40009DE0D0 /* Release */ = {
			isa = XCBuildConfiguration;
			buildSettings = {
				ALWAYS_SEARCH_USER_PATHS = NO;
				CLANG_ANALYZER_NONNULL = YES;
				CLANG_ANALYZER_NUMBER_OBJECT_CONVERSION = YES_AGGRESSIVE;
				CLANG_CXX_LANGUAGE_STANDARD = "gnu++14";
				CLANG_CXX_LIBRARY = "libc++";
				CLANG_ENABLE_MODULES = YES;
				CLANG_ENABLE_OBJC_ARC = YES;
				CLANG_WARN_BLOCK_CAPTURE_AUTORELEASING = YES;
				CLANG_WARN_BOOL_CONVERSION = YES;
				CLANG_WARN_COMMA = YES;
				CLANG_WARN_CONSTANT_CONVERSION = YES;
				CLANG_WARN_DIRECT_OBJC_ISA_USAGE = YES_ERROR;
				CLANG_WARN_DOCUMENTATION_COMMENTS = YES;
				CLANG_WARN_EMPTY_BODY = YES;
				CLANG_WARN_ENUM_CONVERSION = YES;
				CLANG_WARN_INFINITE_RECURSION = YES;
				CLANG_WARN_INT_CONVERSION = YES;
				CLANG_WARN_NON_LITERAL_NULL_CONVERSION = YES;
				CLANG_WARN_OBJC_LITERAL_CONVERSION = YES;
				CLANG_WARN_OBJC_ROOT_CLASS = YES_ERROR;
				CLANG_WARN_RANGE_LOOP_ANALYSIS = YES;
				CLANG_WARN_STRICT_PROTOTYPES = YES;
				CLANG_WARN_SUSPICIOUS_MOVE = YES;
				CLANG_WARN_UNGUARDED_AVAILABILITY = YES_AGGRESSIVE;
				CLANG_WARN_UNREACHABLE_CODE = YES;
				CLANG_WARN__DUPLICATE_METHOD_MATCH = YES;
				CODE_SIGN_IDENTITY = "iPhone Developer";
				COPY_PHASE_STRIP = NO;
				DEBUG_INFORMATION_FORMAT = "dwarf-with-dsym";
				ENABLE_NS_ASSERTIONS = NO;
				ENABLE_STRICT_OBJC_MSGSEND = YES;
				GCC_C_LANGUAGE_STANDARD = gnu11;
				GCC_NO_COMMON_BLOCKS = YES;
				GCC_WARN_64_TO_32_BIT_CONVERSION = YES;
				GCC_WARN_ABOUT_RETURN_TYPE = YES_ERROR;
				GCC_WARN_UNDECLARED_SELECTOR = YES;
				GCC_WARN_UNINITIALIZED_AUTOS = YES_AGGRESSIVE;
				GCC_WARN_UNUSED_FUNCTION = YES;
				GCC_WARN_UNUSED_VARIABLE = YES;
				IPHONEOS_DEPLOYMENT_TARGET = 11.0;
				MTL_ENABLE_DEBUG_INFO = NO;
				SDKROOT = iphoneos;
				VALIDATE_PRODUCT = YES;
			};
			name = Release;
		};
		89DC1D09203D1B40009DE0D0 /* Debug */ = {
			isa = XCBuildConfiguration;
			buildSettings = {
				ASSETCATALOG_COMPILER_APPICON_NAME = AppIcon;
				CODE_SIGN_STYLE = Automatic;
				DEVELOPMENT_TEAM = 95BWZVVTRH;
				INFOPLIST_FILE = "AutoLayout - StoryBoard/Info.plist";
				LD_RUNPATH_SEARCH_PATHS = "$(inherited) @executable_path/Frameworks";
				PRODUCT_BUNDLE_IDENTIFIER = "cd.GNAR.AutoLayout---StoryBoard";
				PRODUCT_NAME = "$(TARGET_NAME)";
				TARGETED_DEVICE_FAMILY = "1,2";
			};
			name = Debug;
		};
		89DC1D0A203D1B40009DE0D0 /* Release */ = {
			isa = XCBuildConfiguration;
			buildSettings = {
				ASSETCATALOG_COMPILER_APPICON_NAME = AppIcon;
				CODE_SIGN_STYLE = Automatic;
				DEVELOPMENT_TEAM = 95BWZVVTRH;
				INFOPLIST_FILE = "AutoLayout - StoryBoard/Info.plist";
				LD_RUNPATH_SEARCH_PATHS = "$(inherited) @executable_path/Frameworks";
				PRODUCT_BUNDLE_IDENTIFIER = "cd.GNAR.AutoLayout---StoryBoard";
				PRODUCT_NAME = "$(TARGET_NAME)";
				TARGETED_DEVICE_FAMILY = "1,2";
			};
			name = Release;
		};
		89DC1D0C203D1B40009DE0D0 /* Debug */ = {
			isa = XCBuildConfiguration;
			buildSettings = {
				BUNDLE_LOADER = "$(TEST_HOST)";
				CODE_SIGN_STYLE = Automatic;
				DEVELOPMENT_TEAM = 95BWZVVTRH;
				INFOPLIST_FILE = "AutoLayout - StoryBoardTests/Info.plist";
				LD_RUNPATH_SEARCH_PATHS = "$(inherited) @executable_path/Frameworks @loader_path/Frameworks";
				PRODUCT_BUNDLE_IDENTIFIER = "cd.GNAR.AutoLayout---StoryBoardTests";
				PRODUCT_NAME = "$(TARGET_NAME)";
				TARGETED_DEVICE_FAMILY = "1,2";
				TEST_HOST = "$(BUILT_PRODUCTS_DIR)/AutoLayout - StoryBoard.app/AutoLayout - StoryBoard";
			};
			name = Debug;
		};
		89DC1D0D203D1B40009DE0D0 /* Release */ = {
			isa = XCBuildConfiguration;
			buildSettings = {
				BUNDLE_LOADER = "$(TEST_HOST)";
				CODE_SIGN_STYLE = Automatic;
				DEVELOPMENT_TEAM = 95BWZVVTRH;
				INFOPLIST_FILE = "AutoLayout - StoryBoardTests/Info.plist";
				LD_RUNPATH_SEARCH_PATHS = "$(inherited) @executable_path/Frameworks @loader_path/Frameworks";
				PRODUCT_BUNDLE_IDENTIFIER = "cd.GNAR.AutoLayout---StoryBoardTests";
				PRODUCT_NAME = "$(TARGET_NAME)";
				TARGETED_DEVICE_FAMILY = "1,2";
				TEST_HOST = "$(BUILT_PRODUCTS_DIR)/AutoLayout - StoryBoard.app/AutoLayout - StoryBoard";
			};
			name = Release;
		};
		89DC1D0F203D1B40009DE0D0 /* Debug */ = {
			isa = XCBuildConfiguration;
			buildSettings = {
				CODE_SIGN_STYLE = Automatic;
				DEVELOPMENT_TEAM = 95BWZVVTRH;
				INFOPLIST_FILE = "AutoLayout - StoryBoardUITests/Info.plist";
				LD_RUNPATH_SEARCH_PATHS = "$(inherited) @executable_path/Frameworks @loader_path/Frameworks";
				PRODUCT_BUNDLE_IDENTIFIER = "cd.GNAR.AutoLayout---StoryBoardUITests";
				PRODUCT_NAME = "$(TARGET_NAME)";
				TARGETED_DEVICE_FAMILY = "1,2";
				TEST_TARGET_NAME = "AutoLayout - StoryBoard";
			};
			name = Debug;
		};
		89DC1D10203D1B40009DE0D0 /* Release */ = {
			isa = XCBuildConfiguration;
			buildSettings = {
				CODE_SIGN_STYLE = Automatic;
				DEVELOPMENT_TEAM = 95BWZVVTRH;
				INFOPLIST_FILE = "AutoLayout - StoryBoardUITests/Info.plist";
				LD_RUNPATH_SEARCH_PATHS = "$(inherited) @executable_path/Frameworks @loader_path/Frameworks";
				PRODUCT_BUNDLE_IDENTIFIER = "cd.GNAR.AutoLayout---StoryBoardUITests";
				PRODUCT_NAME = "$(TARGET_NAME)";
				TARGETED_DEVICE_FAMILY = "1,2";
				TEST_TARGET_NAME = "AutoLayout - StoryBoard";
			};
			name = Release;
		};
/* End XCBuildConfiguration section */

/* Begin XCConfigurationList section */
		89DC1CD7203D1B3F009DE0D0 /* Build configuration list for PBXProject "AutoLayout - StoryBoard" */ = {
			isa = XCConfigurationList;
			buildConfigurations = (
				89DC1D06203D1B40009DE0D0 /* Debug */,
				89DC1D07203D1B40009DE0D0 /* Release */,
			);
			defaultConfigurationIsVisible = 0;
			defaultConfigurationName = Release;
		};
		89DC1D08203D1B40009DE0D0 /* Build configuration list for PBXNativeTarget "AutoLayout - StoryBoard" */ = {
			isa = XCConfigurationList;
			buildConfigurations = (
				89DC1D09203D1B40009DE0D0 /* Debug */,
				89DC1D0A203D1B40009DE0D0 /* Release */,
			);
			defaultConfigurationIsVisible = 0;
			defaultConfigurationName = Release;
		};
		89DC1D0B203D1B40009DE0D0 /* Build configuration list for PBXNativeTarget "AutoLayout - StoryBoardTests" */ = {
			isa = XCConfigurationList;
			buildConfigurations = (
				89DC1D0C203D1B40009DE0D0 /* Debug */,
				89DC1D0D203D1B40009DE0D0 /* Release */,
			);
			defaultConfigurationIsVisible = 0;
			defaultConfigurationName = Release;
		};
		89DC1D0E203D1B40009DE0D0 /* Build configuration list for PBXNativeTarget "AutoLayout - StoryBoardUITests" */ = {
			isa = XCConfigurationList;
			buildConfigurations = (
				89DC1D0F203D1B40009DE0D0 /* Debug */,
				89DC1D10203D1B40009DE0D0 /* Release */,
			);
			defaultConfigurationIsVisible = 0;
			defaultConfigurationName = Release;
		};
/* End XCConfigurationList section */
	};
	rootObject = 89DC1CD4203D1B3F009DE0D0 /* Project object */;
}
